
Microsoft Visual Studio Solution File, Format Version 12.00
# Visual Studio 15
VisualStudioVersion = 15.0.28010.2048
MinimumVisualStudioVersion = 10.0.40219.1
Project("{FAE04EC0-301F-11D3-BF4B-00C04F79EFBC}") = "Check", "Check\Check.csproj", "{5E37E370-4344-4CD9-9B28-CA9D4F8E4DCF}"
EndProject
Global
	GlobalSection(SolutionConfigurationPlatforms) = preSolution
		Debug|Any CPU = Debug|Any CPU
		Release|Any CPU = Release|Any CPU
	EndGlobalSection
	GlobalSection(ProjectConfigurationPlatforms) = postSolution
		{5E37E370-4344-4CD9-9B28-CA9D4F8E4DCF}.Debug|Any CPU.ActiveCfg = Debug|Any CPU
		{5E37E370-4344-4CD9-9B28-CA9D4F8E4DCF}.Debug|Any CPU.Build.0 = Debug|Any CPU
		{5E37E370-4344-4CD9-9B28-CA9D4F8E4DCF}.Release|Any CPU.ActiveCfg = Release|Any CPU
		{5E37E370-4344-4CD9-9B28-CA9D4F8E4DCF}.Release|Any CPU.Build.0 = Release|Any CPU
	EndGlobalSection
	GlobalSection(SolutionProperties) = preSolution
		HideSolutionNode = FALSE
	EndGlobalSection
	GlobalSection(ExtensibilityGlobals) = postSolution
		SolutionGuid = {704D24D2-B751-4761-85DA-3DE62DEF69F7}
	EndGlobalSection
EndGlobal
